{
  "lockfileVersion": 1,
  "configVersion": 1,
  "workspaces": {
    "": {
      "name": "effect-pi",
      "dependencies": {
        "@effect/ai-anthropic": "https://pkg.pr.new/Effect-TS/effect-smol/@effect/ai-anthropic@fe2cab2",
        "@effect/ai-openai": "https://pkg.pr.new/Effect-TS/effect-smol/@effect/ai-openai@fe2cab2",
        "@effect/platform-bun": "https://pkg.pr.new/Effect-TS/effect-smol/@effect/platform-bun@fe2cab2",
        "effect": "https://pkg.pr.new/Effect-TS/effect-smol/effect@fe2cab2",
        "onnxruntime-web": "1.22.0",
      },
      "devDependencies": {
        "@effect/language-service": "^0.71.0",
        "@types/bun": "latest",
        "oxfmt": "^0.26.0",
        "oxlint": "^1.41.0",
        "typescript": "^5.9.3",
      },
    },
  },
  "packages": {
    "@effect/ai-anthropic": ["@effect/ai-anthropic@https://pkg.pr.new/Effect-TS/effect-smol/@effect/ai-anthropic@fe2cab2", { "peerDependencies": { "effect": "^3.0.0" } }],

    "@effect/ai-openai": ["@effect/ai-openai@https://pkg.pr.new/Effect-TS/effect-smol/@effect/ai-openai@fe2cab2", { "peerDependencies": { "effect": "^3.0.0" } }],

    "@effect/language-service": ["@effect/language-service@0.71.2", "", { "bin": { "effect-language-service": "cli.js" } }, "sha512-l5MaMxopOMjzSwEmQdIq5KeKqaLVLwkFdWeplCZw58O1kV1TYQIaG6uZ1nb5XvMtldLcfLu+44mdpiaW484fHg=="],

    "@effect/platform-bun": ["@effect/platform-bun@https://pkg.pr.new/Effect-TS/effect-smol/@effect/platform-bun@fe2cab2", { "dependencies": { "@effect/platform-node-shared": "https://pkg.pr.new/Effect-TS/effect-smol/@effect/platform-node-shared@fe2cab26431bee91eef085ab2b752567b05699d5" }, "peerDependencies": { "effect": "^3.0.0" } }],

    "@effect/platform-node-shared": ["@effect/platform-node-shared@https://pkg.pr.new/Effect-TS/effect-smol/@effect/platform-node-shared@fe2cab26431bee91eef085ab2b752567b05699d5", { "dependencies": { "@types/ws": "^8.18.1", "ws": "^8.19.0" }, "peerDependencies": { "effect": "^3.0.0" } }],

    "@msgpackr-extract/msgpackr-extract-darwin-arm64": ["@msgpackr-extract/msgpackr-extract-darwin-arm64@3.0.3", "", { "os": "darwin", "cpu": "arm64" }, "sha512-QZHtlVgbAdy2zAqNA9Gu1UpIuI8Xvsd1v8ic6B2pZmeFnFcMWiPLfWXh7TVw4eGEZ/C9TH281KwhVoeQUKbyjw=="],

    "@msgpackr-extract/msgpackr-extract-darwin-x64": ["@msgpackr-extract/msgpackr-extract-darwin-x64@3.0.3", "", { "os": "darwin", "cpu": "x64" }, "sha512-mdzd3AVzYKuUmiWOQ8GNhl64/IoFGol569zNRdkLReh6LRLHOXxU4U8eq0JwaD8iFHdVGqSy4IjFL4reoWCDFw=="],

    "@msgpackr-extract/msgpackr-extract-linux-arm": ["@msgpackr-extract/msgpackr-extract-linux-arm@3.0.3", "", { "os": "linux", "cpu": "arm" }, "sha512-fg0uy/dG/nZEXfYilKoRe7yALaNmHoYeIoJuJ7KJ+YyU2bvY8vPv27f7UKhGRpY6euFYqEVhxCFZgAUNQBM3nw=="],

    "@msgpackr-extract/msgpackr-extract-linux-arm64": ["@msgpackr-extract/msgpackr-extract-linux-arm64@3.0.3", "", { "os": "linux", "cpu": "arm64" }, "sha512-YxQL+ax0XqBJDZiKimS2XQaf+2wDGVa1enVRGzEvLLVFeqa5kx2bWbtcSXgsxjQB7nRqqIGFIcLteF/sHeVtQg=="],

    "@msgpackr-extract/msgpackr-extract-linux-x64": ["@msgpackr-extract/msgpackr-extract-linux-x64@3.0.3", "", { "os": "linux", "cpu": "x64" }, "sha512-cvwNfbP07pKUfq1uH+S6KJ7dT9K8WOE4ZiAcsrSes+UY55E/0jLYc+vq+DO7jlmqRb5zAggExKm0H7O/CBaesg=="],

    "@msgpackr-extract/msgpackr-extract-win32-x64": ["@msgpackr-extract/msgpackr-extract-win32-x64@3.0.3", "", { "os": "win32", "cpu": "x64" }, "sha512-x0fWaQtYp4E6sktbsdAqnehxDgEc/VwM7uLsRCYWaiGu0ykYdZPiS8zCWdnjHwyiumousxfBm4SO31eXqwEZhQ=="],

    "@oxfmt/darwin-arm64": ["@oxfmt/darwin-arm64@0.26.0", "", { "os": "darwin", "cpu": "arm64" }, "sha512-AAGc+8CffkiWeVgtWf4dPfQwHEE5c/j/8NWH7VGVxxJRCZFdmWcqCXprvL2H6qZFewvDLrFbuSPRCqYCpYGaTQ=="],

    "@oxfmt/darwin-x64": ["@oxfmt/darwin-x64@0.26.0", "", { "os": "darwin", "cpu": "x64" }, "sha512-xFx5ijCTjw577wJvFlZEMmKDnp3HSCcbYdCsLRmC5i3TZZiDe9DEYh3P46uqhzj8BkEw1Vm1ZCWdl48aEYAzvQ=="],

    "@oxfmt/linux-arm64-gnu": ["@oxfmt/linux-arm64-gnu@0.26.0", "", { "os": "linux", "cpu": "arm64" }, "sha512-GubkQeQT5d3B/Jx/IiR7NMkSmXrCZcVI0BPh1i7mpFi8HgD1hQ/LbhiBKAMsMqs5bbugdQOgBEl8bOhe8JhW1g=="],

    "@oxfmt/linux-arm64-musl": ["@oxfmt/linux-arm64-musl@0.26.0", "", { "os": "linux", "cpu": "arm64" }, "sha512-OEypUwK69bFPj+aa3/LYCnlIUPgoOLu//WNcriwpnWNmt47808Ht7RJSg+MNK8a7pSZHpXJ5/E6CRK/OTwFdaQ=="],

    "@oxfmt/linux-x64-gnu": ["@oxfmt/linux-x64-gnu@0.26.0", "", { "os": "linux", "cpu": "x64" }, "sha512-xO6iEW2bC6ZHyOTPmPWrg/nM6xgzyRPaS84rATy6F8d79wz69LdRdJ3l/PXlkqhi7XoxhvX4ExysA0Nf10ZZEQ=="],

    "@oxfmt/linux-x64-musl": ["@oxfmt/linux-x64-musl@0.26.0", "", { "os": "linux", "cpu": "x64" }, "sha512-Z3KuZFC+MIuAyFCXBHY71kCsdRq1ulbsbzTe71v+hrEv7zVBn6yzql+/AZcgfIaKzWO9OXNuz5WWLWDmVALwow=="],

    "@oxfmt/win32-arm64": ["@oxfmt/win32-arm64@0.26.0", "", { "os": "win32", "cpu": "arm64" }, "sha512-3zRbqwVWK1mDhRhTknlQFpRFL9GhEB5GfU6U7wawnuEwpvi39q91kJ+SRJvJnhyPCARkjZBd1V8XnweN5IFd1g=="],

    "@oxfmt/win32-x64": ["@oxfmt/win32-x64@0.26.0", "", { "os": "win32", "cpu": "x64" }, "sha512-m8TfIljU22i9UEIkD+slGPifTFeaCwIUfxszN3E6ABWP1KQbtwSw9Ak0TdoikibvukF/dtbeyG3WW63jv9DnEg=="],

    "@oxlint/binding-android-arm-eabi": ["@oxlint/binding-android-arm-eabi@1.47.0", "", { "os": "android", "cpu": "arm" }, "sha512-UHqo3te9K/fh29brCuQdHjN+kfpIi9cnTPABuD5S9wb9ykXYRGTOOMVuSV/CK43sOhU4wwb2nT1RVjcbrrQjFw=="],

    "@oxlint/binding-android-arm64": ["@oxlint/binding-android-arm64@1.47.0", "", { "os": "android", "cpu": "arm64" }, "sha512-xh02lsTF1TAkR+SZrRMYHR/xCx8Wg2MAHxJNdHVpAKELh9/yE9h4LJeqAOBbIb3YYn8o/D97U9VmkvkfJfrHfw=="],

    "@oxlint/binding-darwin-arm64": ["@oxlint/binding-darwin-arm64@1.47.0", "", { "os": "darwin", "cpu": "arm64" }, "sha512-OSOfNJqabOYbkyQDGT5pdoL+05qgyrmlQrvtCO58M4iKGEQ/xf3XkkKj7ws+hO+k8Y4VF4zGlBsJlwqy7qBcHA=="],

    "@oxlint/binding-darwin-x64": ["@oxlint/binding-darwin-x64@1.47.0", "", { "os": "darwin", "cpu": "x64" }, "sha512-hP2bOI4IWNS+F6pVXWtRshSTuJ1qCRZgDgVUg6EBUqsRy+ExkEPJkx+YmIuxgdCduYK1LKptLNFuQLJP8voPbQ=="],

    "@oxlint/binding-freebsd-x64": ["@oxlint/binding-freebsd-x64@1.47.0", "", { "os": "freebsd", "cpu": "x64" }, "sha512-F55jIEH5xmGu7S661Uho8vGiLFk0bY3A/g4J8CTKiLJnYu/PSMZ2WxFoy5Hji6qvFuujrrM9Q8XXbMO0fKOYPg=="],

    "@oxlint/binding-linux-arm-gnueabihf": ["@oxlint/binding-linux-arm-gnueabihf@1.47.0", "", { "os": "linux", "cpu": "arm" }, "sha512-wxmOn/wns/WKPXUC1fo5mu9pMZPVOu8hsynaVDrgmmXMdHKS7on6bA5cPauFFN9tJXNdsjW26AK9lpfu3IfHBQ=="],

    "@oxlint/binding-linux-arm-musleabihf": ["@oxlint/binding-linux-arm-musleabihf@1.47.0", "", { "os": "linux", "cpu": "arm" }, "sha512-KJTmVIA/GqRlM2K+ZROH30VMdydEU7bDTY35fNg3tOPzQRIs2deLZlY/9JWwdWo1F/9mIYmpbdCmPqtKhWNOPg=="],

    "@oxlint/binding-linux-arm64-gnu": ["@oxlint/binding-linux-arm64-gnu@1.47.0", "", { "os": "linux", "cpu": "arm64" }, "sha512-PF7ELcFg1GVlS0X0ZB6aWiXobjLrAKer3T8YEkwIoO8RwWiAMkL3n3gbleg895BuZkHVlJ2kPRUwfrhHrVkD1A=="],

    "@oxlint/binding-linux-arm64-musl": ["@oxlint/binding-linux-arm64-musl@1.47.0", "", { "os": "linux", "cpu": "arm64" }, "sha512-4BezLRO5cu0asf0Jp1gkrnn2OHiXrPPPEfBTxq1k5/yJ2zdGGTmZxHD2KF2voR23wb8Elyu3iQawXo7wvIZq0Q=="],

    "@oxlint/binding-linux-ppc64-gnu": ["@oxlint/binding-linux-ppc64-gnu@1.47.0", "", { "os": "linux", "cpu": "ppc64" }, "sha512-aI5ds9jq2CPDOvjeapiIj48T/vlWp+f4prkxs+FVzrmVN9BWIj0eqeJ/hV8WgXg79HVMIz9PU6deI2ki09bR1w=="],

    "@oxlint/binding-linux-riscv64-gnu": ["@oxlint/binding-linux-riscv64-gnu@1.47.0", "", { "os": "linux", "cpu": "none" }, "sha512-mO7ycp9Elvgt5EdGkQHCwJA6878xvo9tk+vlMfT1qg++UjvOMB8INsOCQIOH2IKErF/8/P21LULkdIrocMw9xA=="],

    "@oxlint/binding-linux-riscv64-musl": ["@oxlint/binding-linux-riscv64-musl@1.47.0", "", { "os": "linux", "cpu": "none" }, "sha512-24D0wsYT/7hDFn3Ow32m3/+QT/1ZwrUhShx4/wRDAmz11GQHOZ1k+/HBuK/MflebdnalmXWITcPEy4BWTi7TCA=="],

    "@oxlint/binding-linux-s390x-gnu": ["@oxlint/binding-linux-s390x-gnu@1.47.0", "", { "os": "linux", "cpu": "s390x" }, "sha512-8tPzPne882mtML/uy3mApvdCyuVOpthJ7xUv3b67gVfz63hOOM/bwO0cysSkPyYYFDFRn6/FnUb7Jhmsesntvg=="],

    "@oxlint/binding-linux-x64-gnu": ["@oxlint/binding-linux-x64-gnu@1.47.0", "", { "os": "linux", "cpu": "x64" }, "sha512-q58pIyGIzeffEBhEgbRxLFHmHfV9m7g1RnkLiahQuEvyjKNiJcvdHOwKH2BdgZxdzc99Cs6hF5xTa86X40WzPw=="],

    "@oxlint/binding-linux-x64-musl": ["@oxlint/binding-linux-x64-musl@1.47.0", "", { "os": "linux", "cpu": "x64" }, "sha512-e7DiLZtETZUCwTa4EEHg9G+7g3pY+afCWXvSeMG7m0TQ29UHHxMARPaEQUE4mfKgSqIWnJaUk2iZzRPMRdga5g=="],

    "@oxlint/binding-openharmony-arm64": ["@oxlint/binding-openharmony-arm64@1.47.0", "", { "os": "none", "cpu": "arm64" }, "sha512-3AFPfQ0WKMleT/bKd7zsks3xoawtZA6E/wKf0DjwysH7wUiMMJkNKXOzYq1R/00G98JFgSU1AkrlOQrSdNNhlg=="],

    "@oxlint/binding-win32-arm64-msvc": ["@oxlint/binding-win32-arm64-msvc@1.47.0", "", { "os": "win32", "cpu": "arm64" }, "sha512-cLMVVM6TBxp+N7FldQJ2GQnkcLYEPGgiuEaXdvhgvSgODBk9ov3jed+khIXSAWtnFOW0wOnG3RjwqPh0rCuheA=="],

    "@oxlint/binding-win32-ia32-msvc": ["@oxlint/binding-win32-ia32-msvc@1.47.0", "", { "os": "win32", "cpu": "ia32" }, "sha512-VpFOSzvTnld77/Edje3ZdHgZWnlTb5nVWXyTgjD3/DKF/6t5bRRbwn3z77zOdnGy44xAMvbyAwDNOSeOdVUmRA=="],

    "@oxlint/binding-win32-x64-msvc": ["@oxlint/binding-win32-x64-msvc@1.47.0", "", { "os": "win32", "cpu": "x64" }, "sha512-+q8IWptxXx2HMTM6JluR67284t0h8X/oHJgqpxH1siowxPMqZeIpAcWCUq+tY+Rv2iQK8TUugjZnSBQAVV5CmA=="],

    "@protobufjs/aspromise": ["@protobufjs/aspromise@1.1.2", "", {}, "sha512-j+gKExEuLmKwvz3OgROXtrJ2UG2x8Ch2YZUxahh+s1F2HZ+wAceUNLkvy6zKCPVRkU++ZWQrdxsUeQXmcg4uoQ=="],

    "@protobufjs/base64": ["@protobufjs/base64@1.1.2", "", {}, "sha512-AZkcAA5vnN/v4PDqKyMR5lx7hZttPDgClv83E//FMNhR2TMcLUhfRUBHCmSl0oi9zMgDDqRUJkSxO3wm85+XLg=="],

    "@protobufjs/codegen": ["@protobufjs/codegen@2.0.4", "", {}, "sha512-YyFaikqM5sH0ziFZCN3xDC7zeGaB/d0IUb9CATugHWbd1FRFwWwt4ld4OYMPWu5a3Xe01mGAULCdqhMlPl29Jg=="],

    "@protobufjs/eventemitter": ["@protobufjs/eventemitter@1.1.0", "", {}, "sha512-j9ednRT81vYJ9OfVuXG6ERSTdEL1xVsNgqpkxMsbIabzSo3goCjDIveeGv5d03om39ML71RdmrGNjG5SReBP/Q=="],

    "@protobufjs/fetch": ["@protobufjs/fetch@1.1.0", "", { "dependencies": { "@protobufjs/aspromise": "^1.1.1", "@protobufjs/inquire": "^1.1.0" } }, "sha512-lljVXpqXebpsijW71PZaCYeIcE5on1w5DlQy5WH6GLbFryLUrBD4932W/E2BSpfRJWseIL4v/KPgBFxDOIdKpQ=="],

    "@protobufjs/float": ["@protobufjs/float@1.0.2", "", {}, "sha512-Ddb+kVXlXst9d+R9PfTIxh1EdNkgoRe5tOX6t01f1lYWOvJnSPDBlG241QLzcyPdoNTsblLUdujGSE4RzrTZGQ=="],

    "@protobufjs/inquire": ["@protobufjs/inquire@1.1.0", "", {}, "sha512-kdSefcPdruJiFMVSbn801t4vFK7KB/5gd2fYvrxhuJYg8ILrmn9SKSX2tZdV6V+ksulWqS7aXjBcRXl3wHoD9Q=="],

    "@protobufjs/path": ["@protobufjs/path@1.1.2", "", {}, "sha512-6JOcJ5Tm08dOHAbdR3GrvP+yUUfkjG5ePsHYczMFLq3ZmMkAD98cDgcT2iA1lJ9NVwFd4tH/iSSoe44YWkltEA=="],

    "@protobufjs/pool": ["@protobufjs/pool@1.1.0", "", {}, "sha512-0kELaGSIDBKvcgS4zkjz1PeddatrjYcmMWOlAuAPwAeccUrPHdUqo/J6LiymHHEiJT5NrF1UVwxY14f+fy4WQw=="],

    "@protobufjs/utf8": ["@protobufjs/utf8@1.1.0", "", {}, "sha512-Vvn3zZrhQZkkBE8LSuW3em98c0FwgO4nxzv6OdSxPKJIEKY2bGbHn+mhGIPerzI4twdxaP8/0+06HBpwf345Lw=="],

    "@standard-schema/spec": ["@standard-schema/spec@1.1.0", "", {}, "sha512-l2aFy5jALhniG5HgqrD6jXLi/rUWrKvqN/qJx6yoJsgKhblVd+iqqU4RCXavm/jPityDo5TCvKMnpjKnOriy0w=="],

    "@types/bun": ["@types/bun@1.3.9", "", { "dependencies": { "bun-types": "1.3.9" } }, "sha512-KQ571yULOdWJiMH+RIWIOZ7B2RXQGpL1YQrBtLIV3FqDcCu6FsbFUBwhdKUlCKUpS3PJDsHlJ1QKlpxoVR+xtw=="],

    "@types/node": ["@types/node@25.2.3", "", { "dependencies": { "undici-types": "~7.16.0" } }, "sha512-m0jEgYlYz+mDJZ2+F4v8D1AyQb+QzsNqRuI7xg1VQX/KlKS0qT9r1Mo16yo5F/MtifXFgaofIFsdFMox2SxIbQ=="],

    "@types/ws": ["@types/ws@8.18.1", "", { "dependencies": { "@types/node": "*" } }, "sha512-ThVF6DCVhA8kUGy+aazFQ4kXQ7E1Ty7A3ypFOe0IcJV8O/M511G99AW24irKrW56Wt44yG9+ij8FaqoBGkuBXg=="],

    "bun-types": ["bun-types@1.3.9", "", { "dependencies": { "@types/node": "*" } }, "sha512-+UBWWOakIP4Tswh0Bt0QD0alpTY8cb5hvgiYeWCMet9YukHbzuruIEeXC2D7nMJPB12kbh8C7XJykSexEqGKJg=="],

    "detect-libc": ["detect-libc@2.1.2", "", {}, "sha512-Btj2BOOO83o3WyH59e8MgXsxEQVcarkUOpEYrubB0urwnN10yQ364rsiByU11nZlqWYZm05i/of7io4mzihBtQ=="],

    "effect": ["effect@https://pkg.pr.new/Effect-TS/effect-smol/effect@fe2cab2", { "dependencies": { "@standard-schema/spec": "^1.1.0", "fast-check": "^4.5.3", "find-my-way-ts": "^0.1.6", "ini": "^6.0.0", "kubernetes-types": "^1.30.0", "msgpackr": "^1.11.8", "multipasta": "^0.2.7", "toml": "^3.0.0", "uuid": "^13.0.0", "yaml": "^2.8.2" } }],

    "fast-check": ["fast-check@4.5.3", "", { "dependencies": { "pure-rand": "^7.0.0" } }, "sha512-IE9csY7lnhxBnA8g/WI5eg/hygA6MGWJMSNfFRrBlXUciADEhS1EDB0SIsMSvzubzIlOBbVITSsypCsW717poA=="],

    "find-my-way-ts": ["find-my-way-ts@0.1.6", "", {}, "sha512-a85L9ZoXtNAey3Y6Z+eBWW658kO/MwR7zIafkIUPUMf3isZG0NCs2pjW2wtjxAKuJPxMAsHUIP4ZPGv0o5gyTA=="],

    "flatbuffers": ["flatbuffers@25.9.23", "", {}, "sha512-MI1qs7Lo4Syw0EOzUl0xjs2lsoeqFku44KpngfIduHBYvzm8h2+7K8YMQh1JtVVVrUvhLpNwqVi4DERegUJhPQ=="],

    "guid-typescript": ["guid-typescript@1.0.9", "", {}, "sha512-Y8T4vYhEfwJOTbouREvG+3XDsjr8E3kIr7uf+JZ0BYloFsttiHU0WfvANVsR7TxNUJa/WpCnw/Ino/p+DeBhBQ=="],

    "ini": ["ini@6.0.0", "", {}, "sha512-IBTdIkzZNOpqm7q3dRqJvMaldXjDHWkEDfrwGEQTs5eaQMWV+djAhR+wahyNNMAa+qpbDUhBMVt4ZKNwpPm7xQ=="],

    "kubernetes-types": ["kubernetes-types@1.30.0", "", {}, "sha512-Dew1okvhM/SQcIa2rcgujNndZwU8VnSapDgdxlYoB84ZlpAD43U6KLAFqYo17ykSFGHNPrg0qry0bP+GJd9v7Q=="],

    "long": ["long@5.3.2", "", {}, "sha512-mNAgZ1GmyNhD7AuqnTG3/VQ26o760+ZYBPKjPvugO8+nLbYfX6TVpJPseBvopbdY+qpZ/lKUnmEc1LeZYS3QAA=="],

    "msgpackr": ["msgpackr@1.11.8", "", { "optionalDependencies": { "msgpackr-extract": "^3.0.2" } }, "sha512-bC4UGzHhVvgDNS7kn9tV8fAucIYUBuGojcaLiz7v+P63Lmtm0Xeji8B/8tYKddALXxJLpwIeBmUN3u64C4YkRA=="],

    "msgpackr-extract": ["msgpackr-extract@3.0.3", "", { "dependencies": { "node-gyp-build-optional-packages": "5.2.2" }, "optionalDependencies": { "@msgpackr-extract/msgpackr-extract-darwin-arm64": "3.0.3", "@msgpackr-extract/msgpackr-extract-darwin-x64": "3.0.3", "@msgpackr-extract/msgpackr-extract-linux-arm": "3.0.3", "@msgpackr-extract/msgpackr-extract-linux-arm64": "3.0.3", "@msgpackr-extract/msgpackr-extract-linux-x64": "3.0.3", "@msgpackr-extract/msgpackr-extract-win32-x64": "3.0.3" }, "bin": { "download-msgpackr-prebuilds": "bin/download-prebuilds.js" } }, "sha512-P0efT1C9jIdVRefqjzOQ9Xml57zpOXnIuS+csaB4MdZbTdmGDLo8XhzBG1N7aO11gKDDkJvBLULeFTo46wwreA=="],

    "multipasta": ["multipasta@0.2.7", "", {}, "sha512-KPA58d68KgGil15oDqXjkUBEBYc00XvbPj5/X+dyzeo/lWm9Nc25pQRlf1D+gv4OpK7NM0J1odrbu9JNNGvynA=="],

    "node-gyp-build-optional-packages": ["node-gyp-build-optional-packages@5.2.2", "", { "dependencies": { "detect-libc": "^2.0.1" }, "bin": { "node-gyp-build-optional-packages": "bin.js", "node-gyp-build-optional-packages-optional": "optional.js", "node-gyp-build-optional-packages-test": "build-test.js" } }, "sha512-s+w+rBWnpTMwSFbaE0UXsRlg7hU4FjekKU4eyAih5T8nJuNZT1nNsskXpxmeqSK9UzkBl6UgRlnKc8hz8IEqOw=="],

    "onnxruntime-common": ["onnxruntime-common@1.22.0", "", {}, "sha512-vcuaNWgtF2dGQu/EP5P8UI5rEPEYqXG2sPPe5j9lg2TY/biJF8eWklTMwlDO08iuXq48xJo0awqIpK5mPG+IxA=="],

    "onnxruntime-web": ["onnxruntime-web@1.22.0", "", { "dependencies": { "flatbuffers": "^25.1.24", "guid-typescript": "^1.0.9", "long": "^5.2.3", "onnxruntime-common": "1.22.0", "platform": "^1.3.6", "protobufjs": "^7.2.4" } }, "sha512-Ud/+EBo6mhuaQWt/OjaOk0iNWjXqJoeeMFr6xQEERZdIZH2OWpGzuujz7lfuOBjUa6TEE/sc4nb7Da5dNL34fg=="],

    "oxfmt": ["oxfmt@0.26.0", "", { "dependencies": { "tinypool": "2.0.0" }, "optionalDependencies": { "@oxfmt/darwin-arm64": "0.26.0", "@oxfmt/darwin-x64": "0.26.0", "@oxfmt/linux-arm64-gnu": "0.26.0", "@oxfmt/linux-arm64-musl": "0.26.0", "@oxfmt/linux-x64-gnu": "0.26.0", "@oxfmt/linux-x64-musl": "0.26.0", "@oxfmt/win32-arm64": "0.26.0", "@oxfmt/win32-x64": "0.26.0" }, "bin": { "oxfmt": "bin/oxfmt" } }, "sha512-UDD1wFNwfeorMm2ZY0xy1KRAAvJ5NjKBfbDmiMwGP7baEHTq65cYpC0aPP+BGHc8weXUbSZaK8MdGyvuRUvS4Q=="],

    "oxlint": ["oxlint@1.47.0", "", { "optionalDependencies": { "@oxlint/binding-android-arm-eabi": "1.47.0", "@oxlint/binding-android-arm64": "1.47.0", "@oxlint/binding-darwin-arm64": "1.47.0", "@oxlint/binding-darwin-x64": "1.47.0", "@oxlint/binding-freebsd-x64": "1.47.0", "@oxlint/binding-linux-arm-gnueabihf": "1.47.0", "@oxlint/binding-linux-arm-musleabihf": "1.47.0", "@oxlint/binding-linux-arm64-gnu": "1.47.0", "@oxlint/binding-linux-arm64-musl": "1.47.0", "@oxlint/binding-linux-ppc64-gnu": "1.47.0", "@oxlint/binding-linux-riscv64-gnu": "1.47.0", "@oxlint/binding-linux-riscv64-musl": "1.47.0", "@oxlint/binding-linux-s390x-gnu": "1.47.0", "@oxlint/binding-linux-x64-gnu": "1.47.0", "@oxlint/binding-linux-x64-musl": "1.47.0", "@oxlint/binding-openharmony-arm64": "1.47.0", "@oxlint/binding-win32-arm64-msvc": "1.47.0", "@oxlint/binding-win32-ia32-msvc": "1.47.0", "@oxlint/binding-win32-x64-msvc": "1.47.0" }, "peerDependencies": { "oxlint-tsgolint": ">=0.11.2" }, "optionalPeers": ["oxlint-tsgolint"], "bin": { "oxlint": "bin/oxlint" } }, "sha512-v7xkK1iv1qdvTxJGclM97QzN8hHs5816AneFAQ0NGji1BMUquhiDAhXpMwp8+ls16uRVJtzVHxP9pAAXblDeGA=="],

    "platform": ["platform@1.3.6", "", {}, "sha512-fnWVljUchTro6RiCFvCXBbNhJc2NijN7oIQxbwsyL0buWJPG85v81ehlHI9fXrJsMNgTofEoWIQeClKpgxFLrg=="],

    "protobufjs": ["protobufjs@7.5.4", "", { "dependencies": { "@protobufjs/aspromise": "^1.1.2", "@protobufjs/base64": "^1.1.2", "@protobufjs/codegen": "^2.0.4", "@protobufjs/eventemitter": "^1.1.0", "@protobufjs/fetch": "^1.1.0", "@protobufjs/float": "^1.0.2", "@protobufjs/inquire": "^1.1.0", "@protobufjs/path": "^1.1.2", "@protobufjs/pool": "^1.1.0", "@protobufjs/utf8": "^1.1.0", "@types/node": ">=13.7.0", "long": "^5.0.0" } }, "sha512-CvexbZtbov6jW2eXAvLukXjXUW1TzFaivC46BpWc/3BpcCysb5Vffu+B3XHMm8lVEuy2Mm4XGex8hBSg1yapPg=="],

    "pure-rand": ["pure-rand@7.0.1", "", {}, "sha512-oTUZM/NAZS8p7ANR3SHh30kXB+zK2r2BPcEn/awJIbOvq82WoMN4p62AWWp3Hhw50G0xMsw1mhIBLqHw64EcNQ=="],

    "tinypool": ["tinypool@2.0.0", "", {}, "sha512-/RX9RzeH2xU5ADE7n2Ykvmi9ED3FBGPAjw9u3zucrNNaEBIO0HPSYgL0NT7+3p147ojeSdaVu08F6hjpv31HJg=="],

    "toml": ["toml@3.0.0", "", {}, "sha512-y/mWCZinnvxjTKYhJ+pYxwD0mRLVvOtdS2Awbgxln6iEnt4rk0yBxeSBHkGJcPucRiG0e55mwWp+g/05rsrd6w=="],

    "typescript": ["typescript@5.9.3", "", { "bin": { "tsc": "bin/tsc", "tsserver": "bin/tsserver" } }, "sha512-jl1vZzPDinLr9eUt3J/t7V6FgNEw9QjvBPdysz9KfQDD41fQrC2Y4vKQdiaUpFT4bXlb1RHhLpp8wtm6M5TgSw=="],

    "undici-types": ["undici-types@7.16.0", "", {}, "sha512-Zz+aZWSj8LE6zoxD+xrjh4VfkIG8Ya6LvYkZqtUQGJPZjYl53ypCaUwWqo7eI0x66KBGeRo+mlBEkMSeSZ38Nw=="],

    "uuid": ["uuid@13.0.0", "", { "bin": { "uuid": "dist-node/bin/uuid" } }, "sha512-XQegIaBTVUjSHliKqcnFqYypAd4S+WCYt5NIeRs6w/UAry7z8Y9j5ZwRRL4kzq9U3sD6v+85er9FvkEaBpji2w=="],

    "ws": ["ws@8.19.0", "", { "peerDependencies": { "bufferutil": "^4.0.1", "utf-8-validate": ">=5.0.2" }, "optionalPeers": ["bufferutil", "utf-8-validate"] }, "sha512-blAT2mjOEIi0ZzruJfIhb3nps74PRWTCz1IjglWEEpQl5XS/UNama6u2/rjFkDDouqr4L67ry+1aGIALViWjDg=="],

    "yaml": ["yaml@2.8.2", "", { "bin": { "yaml": "bin.mjs" } }, "sha512-mplynKqc1C2hTVYxd0PU2xQAc22TI1vShAYGksCCfxbn/dFwnHTNi1bvYsBTkhdUNtGIf5xNOg938rrSSYvS9A=="],
  }
}
